{
  "name": "tebutton",
  "lockfileVersion": 3,
  "requires": true,
  "packages": {
    "": {
      "dependencies": {
        "tugcebutton": "^1.0.0"
      }
    },
    "node_modules/tugcebutton": {
      "version": "1.0.0",
      "resolved": "https://registry.npmjs.org/tugcebutton/-/tugcebutton-1.0.0.tgz",
      "integrity": "sha512-P3X5NYURHmmueGyxjI5UpBAEqt+DmsUBV5w2Raexdcf3UQdORsP3JQ3iWzEMaCrRKMOVwqcjvUeT7FACtqkctA=="
    }
  }
}
